
Microsoft Visual Studio Solution File, Format Version 12.00
# Visual Studio Version 17
VisualStudioVersion = 17.4.33122.133
MinimumVisualStudioVersion = 10.0.40219.1
Project("{FAE04EC0-301F-11D3-BF4B-00C04F79EFBC}") = "ClassLibrary1", "ClassLibrary1\ClassLibrary1.csproj", "{0833E632-7DD2-4C6A-86D0-B590DAB4ECDC}"
EndProject
Project("{FAE04EC0-301F-11D3-BF4B-00C04F79EFBC}") = "WebApplication1", "WebApplication1\WebApplication1.csproj", "{613F2B75-A32D-4751-AED4-FD9E59B3E342}"
EndProject
Project("{FAE04EC0-301F-11D3-BF4B-00C04F79EFBC}") = "Front", "Front\Front.csproj", "{04244FF5-78AD-40CC-BE3B-A45FD6D5AEF8}"
EndProject
Global
	GlobalSection(SolutionConfigurationPlatforms) = preSolution
		Debug|Any CPU = Debug|Any CPU
		Release|Any CPU = Release|Any CPU
	EndGlobalSection
	GlobalSection(ProjectConfigurationPlatforms) = postSolution
		{0833E632-7DD2-4C6A-86D0-B590DAB4ECDC}.Debug|Any CPU.ActiveCfg = Debug|Any CPU
		{0833E632-7DD2-4C6A-86D0-B590DAB4ECDC}.Debug|Any CPU.Build.0 = Debug|Any CPU
		{0833E632-7DD2-4C6A-86D0-B590DAB4ECDC}.Release|Any CPU.ActiveCfg = Release|Any CPU
		{0833E632-7DD2-4C6A-86D0-B590DAB4ECDC}.Release|Any CPU.Build.0 = Release|Any CPU
		{613F2B75-A32D-4751-AED4-FD9E59B3E342}.Debug|Any CPU.ActiveCfg = Debug|Any CPU
		{613F2B75-A32D-4751-AED4-FD9E59B3E342}.Debug|Any CPU.Build.0 = Debug|Any CPU
		{613F2B75-A32D-4751-AED4-FD9E59B3E342}.Release|Any CPU.ActiveCfg = Release|Any CPU
		{613F2B75-A32D-4751-AED4-FD9E59B3E342}.Release|Any CPU.Build.0 = Release|Any CPU
		{04244FF5-78AD-40CC-BE3B-A45FD6D5AEF8}.Debug|Any CPU.ActiveCfg = Debug|Any CPU
		{04244FF5-78AD-40CC-BE3B-A45FD6D5AEF8}.Debug|Any CPU.Build.0 = Debug|Any CPU
		{04244FF5-78AD-40CC-BE3B-A45FD6D5AEF8}.Release|Any CPU.ActiveCfg = Release|Any CPU
		{04244FF5-78AD-40CC-BE3B-A45FD6D5AEF8}.Release|Any CPU.Build.0 = Release|Any CPU
	EndGlobalSection
	GlobalSection(SolutionProperties) = preSolution
		HideSolutionNode = FALSE
	EndGlobalSection
	GlobalSection(ExtensibilityGlobals) = postSolution
		SolutionGuid = {BB54DCCB-DA56-492B-866C-F9CCEE215429}
	EndGlobalSection
EndGlobal
